
Microsoft Visual Studio Solution File, Format Version 12.00
# Visual Studio 14
VisualStudioVersion = 14.0.24720.0
MinimumVisualStudioVersion = 10.0.40219.1
Project("{2150E333-8FDC-42A3-9474-1A3956D46DE8}") = ".paket", ".paket", "{B9A3AA1A-7B42-45D4-9F4B-0C5EA92EADAC}"
	ProjectSection(SolutionItems) = preProject
		paket.dependencies = paket.dependencies
	EndProjectSection
EndProject
Project("{FAE04EC0-301F-11D3-BF4B-00C04F79EFBC}") = "ConsoleApplication", "src\ConsoleApplication\ConsoleApplication.csproj", "{C8790DB4-7320-4BDB-AEA4-FCC232F4698A}"
EndProject
Project("{FAE04EC0-301F-11D3-BF4B-00C04F79EFBC}") = "Dolls", "src\Dolls\Dolls.csproj", "{7EF1D385-5801-4E2F-8B71-CED24A053CA3}"
EndProject
Global
	GlobalSection(SolutionConfigurationPlatforms) = preSolution
		Debug|Any CPU = Debug|Any CPU
		Release|Any CPU = Release|Any CPU
	EndGlobalSection
	GlobalSection(ProjectConfigurationPlatforms) = postSolution
		{C8790DB4-7320-4BDB-AEA4-FCC232F4698A}.Debug|Any CPU.ActiveCfg = Debug|Any CPU
		{C8790DB4-7320-4BDB-AEA4-FCC232F4698A}.Debug|Any CPU.Build.0 = Debug|Any CPU
		{C8790DB4-7320-4BDB-AEA4-FCC232F4698A}.Release|Any CPU.ActiveCfg = Release|Any CPU
		{C8790DB4-7320-4BDB-AEA4-FCC232F4698A}.Release|Any CPU.Build.0 = Release|Any CPU
		{7EF1D385-5801-4E2F-8B71-CED24A053CA3}.Debug|Any CPU.ActiveCfg = Debug|Any CPU
		{7EF1D385-5801-4E2F-8B71-CED24A053CA3}.Debug|Any CPU.Build.0 = Debug|Any CPU
		{7EF1D385-5801-4E2F-8B71-CED24A053CA3}.Release|Any CPU.ActiveCfg = Release|Any CPU
		{7EF1D385-5801-4E2F-8B71-CED24A053CA3}.Release|Any CPU.Build.0 = Release|Any CPU
	EndGlobalSection
	GlobalSection(SolutionProperties) = preSolution
		HideSolutionNode = FALSE
	EndGlobalSection
EndGlobal
